
Microsoft Visual Studio Solution File, Format Version 12.00
# Visual Studio Version 17
VisualStudioVersion = 17.0.31919.166
MinimumVisualStudioVersion = 10.0.40219.1
Project("{FAE04EC0-301F-11D3-BF4B-00C04F79EFBC}") = "Localisation_app1", "Localisation_app1\Localisation_app1.csproj", "{911A5510-52F8-4E58-A4BE-95EB55CD3DCD}"
EndProject
Global
	GlobalSection(SolutionConfigurationPlatforms) = preSolution
		Debug|Any CPU = Debug|Any CPU
		Release|Any CPU = Release|Any CPU
	EndGlobalSection
	GlobalSection(ProjectConfigurationPlatforms) = postSolution
		{911A5510-52F8-4E58-A4BE-95EB55CD3DCD}.Debug|Any CPU.ActiveCfg = Debug|Any CPU
		{911A5510-52F8-4E58-A4BE-95EB55CD3DCD}.Debug|Any CPU.Build.0 = Debug|Any CPU
		{911A5510-52F8-4E58-A4BE-95EB55CD3DCD}.Release|Any CPU.ActiveCfg = Release|Any CPU
		{911A5510-52F8-4E58-A4BE-95EB55CD3DCD}.Release|Any CPU.Build.0 = Release|Any CPU
	EndGlobalSection
	GlobalSection(SolutionProperties) = preSolution
		HideSolutionNode = FALSE
	EndGlobalSection
	GlobalSection(ExtensibilityGlobals) = postSolution
		SolutionGuid = {0DD703D1-5F8E-4582-B9CE-B31177486C6A}
	EndGlobalSection
EndGlobal
