
Microsoft Visual Studio Solution File, Format Version 12.00
# Visual Studio Version 17
VisualStudioVersion = 17.0.31919.166
MinimumVisualStudioVersion = 10.0.40219.1
Project("{FAE04EC0-301F-11D3-BF4B-00C04F79EFBC}") = "Fitness tracker", "Fitness tracker.csproj", "{D2D584B2-4886-43C0-B7C1-D3268945BCC4}"
EndProject
Global
	GlobalSection(SolutionConfigurationPlatforms) = preSolution
		Debug|Any CPU = Debug|Any CPU
		Release|Any CPU = Release|Any CPU
	EndGlobalSection
	GlobalSection(ProjectConfigurationPlatforms) = postSolution
		{D2D584B2-4886-43C0-B7C1-D3268945BCC4}.Debug|Any CPU.ActiveCfg = Debug|Any CPU
		{D2D584B2-4886-43C0-B7C1-D3268945BCC4}.Debug|Any CPU.Build.0 = Debug|Any CPU
		{D2D584B2-4886-43C0-B7C1-D3268945BCC4}.Release|Any CPU.ActiveCfg = Release|Any CPU
		{D2D584B2-4886-43C0-B7C1-D3268945BCC4}.Release|Any CPU.Build.0 = Release|Any CPU
	EndGlobalSection
	GlobalSection(SolutionProperties) = preSolution
		HideSolutionNode = FALSE
	EndGlobalSection
	GlobalSection(ExtensibilityGlobals) = postSolution
		SolutionGuid = {842B4524-F40C-4B3D-8CAF-9AAC6A0FA15E}
	EndGlobalSection
EndGlobal
