
Microsoft Visual Studio Solution File, Format Version 12.00
# Visual Studio Version 17
VisualStudioVersion = 17.0.31919.166
MinimumVisualStudioVersion = 10.0.40219.1
Project("{FAE04EC0-301F-11D3-BF4B-00C04F79EFBC}") = "localisation_app2", "localisation_app2\localisation_app2.csproj", "{22ABD8E3-59AC-4739-B240-8D587AAB3E98}"
EndProject
Global
	GlobalSection(SolutionConfigurationPlatforms) = preSolution
		Debug|Any CPU = Debug|Any CPU
		Release|Any CPU = Release|Any CPU
	EndGlobalSection
	GlobalSection(ProjectConfigurationPlatforms) = postSolution
		{22ABD8E3-59AC-4739-B240-8D587AAB3E98}.Debug|Any CPU.ActiveCfg = Debug|Any CPU
		{22ABD8E3-59AC-4739-B240-8D587AAB3E98}.Debug|Any CPU.Build.0 = Debug|Any CPU
		{22ABD8E3-59AC-4739-B240-8D587AAB3E98}.Release|Any CPU.ActiveCfg = Release|Any CPU
		{22ABD8E3-59AC-4739-B240-8D587AAB3E98}.Release|Any CPU.Build.0 = Release|Any CPU
	EndGlobalSection
	GlobalSection(SolutionProperties) = preSolution
		HideSolutionNode = FALSE
	EndGlobalSection
	GlobalSection(ExtensibilityGlobals) = postSolution
		SolutionGuid = {CEDCD14C-5D77-4688-AA77-88B6970C7D8D}
	EndGlobalSection
EndGlobal
