
Microsoft Visual Studio Solution File, Format Version 12.00
# Visual Studio Version 16
VisualStudioVersion = 16.0.30907.101
MinimumVisualStudioVersion = 10.0.40219.1
Project("{8BC9CEB8-8B4A-11D0-8D11-00A0C91BC942}") = "LesPatrons_de_Fonctions", "LesPatrons_de_Fonctions.vcxproj", "{60CCD055-16DA-433C-A0E5-2F4BA4E534EC}"
EndProject
Global
	GlobalSection(SolutionConfigurationPlatforms) = preSolution
		Debug|x64 = Debug|x64
		Debug|x86 = Debug|x86
		Release|x64 = Release|x64
		Release|x86 = Release|x86
	EndGlobalSection
	GlobalSection(ProjectConfigurationPlatforms) = postSolution
		{60CCD055-16DA-433C-A0E5-2F4BA4E534EC}.Debug|x64.ActiveCfg = Debug|x64
		{60CCD055-16DA-433C-A0E5-2F4BA4E534EC}.Debug|x64.Build.0 = Debug|x64
		{60CCD055-16DA-433C-A0E5-2F4BA4E534EC}.Debug|x86.ActiveCfg = Debug|Win32
		{60CCD055-16DA-433C-A0E5-2F4BA4E534EC}.Debug|x86.Build.0 = Debug|Win32
		{60CCD055-16DA-433C-A0E5-2F4BA4E534EC}.Release|x64.ActiveCfg = Release|x64
		{60CCD055-16DA-433C-A0E5-2F4BA4E534EC}.Release|x64.Build.0 = Release|x64
		{60CCD055-16DA-433C-A0E5-2F4BA4E534EC}.Release|x86.ActiveCfg = Release|Win32
		{60CCD055-16DA-433C-A0E5-2F4BA4E534EC}.Release|x86.Build.0 = Release|Win32
	EndGlobalSection
	GlobalSection(SolutionProperties) = preSolution
		HideSolutionNode = FALSE
	EndGlobalSection
	GlobalSection(ExtensibilityGlobals) = postSolution
		SolutionGuid = {76175449-6B8E-4F27-A3EA-5BE11F6F5663}
	EndGlobalSection
EndGlobal
