
Microsoft Visual Studio Solution File, Format Version 12.00
# Visual Studio Version 17
VisualStudioVersion = 17.3.32929.385
MinimumVisualStudioVersion = 10.0.40219.1
Project("{FAE04EC0-301F-11D3-BF4B-00C04F79EFBC}") = "cours-mvvm1", "cours-mvvm1\cours-mvvm1.csproj", "{43BDDE04-4979-4360-8FF5-8E0B07DC5010}"
EndProject
Global
	GlobalSection(SolutionConfigurationPlatforms) = preSolution
		Debug|Any CPU = Debug|Any CPU
		Release|Any CPU = Release|Any CPU
	EndGlobalSection
	GlobalSection(ProjectConfigurationPlatforms) = postSolution
		{43BDDE04-4979-4360-8FF5-8E0B07DC5010}.Debug|Any CPU.ActiveCfg = Debug|Any CPU
		{43BDDE04-4979-4360-8FF5-8E0B07DC5010}.Debug|Any CPU.Build.0 = Debug|Any CPU
		{43BDDE04-4979-4360-8FF5-8E0B07DC5010}.Release|Any CPU.ActiveCfg = Release|Any CPU
		{43BDDE04-4979-4360-8FF5-8E0B07DC5010}.Release|Any CPU.Build.0 = Release|Any CPU
	EndGlobalSection
	GlobalSection(SolutionProperties) = preSolution
		HideSolutionNode = FALSE
	EndGlobalSection
	GlobalSection(ExtensibilityGlobals) = postSolution
		SolutionGuid = {AC63ECC6-CB93-4EE2-A41D-7B92388635D2}
	EndGlobalSection
EndGlobal
